
Microsoft Visual Studio Solution File, Format Version 12.00
# Visual Studio Version 16
VisualStudioVersion = 16.0.29306.81
MinimumVisualStudioVersion = 10.0.40219.1
Project("{FAE04EC0-301F-11D3-BF4B-00C04F79EFBC}") = "ConsoleApp2", "ConsoleApp2\ConsoleApp2.csproj", "{E626A96D-4CEF-4B5B-9EC7-F469833AF075}"
EndProject
Global
	GlobalSection(SolutionConfigurationPlatforms) = preSolution
		Debug|Any CPU = Debug|Any CPU
		Release|Any CPU = Release|Any CPU
	EndGlobalSection
	GlobalSection(ProjectConfigurationPlatforms) = postSolution
		{E626A96D-4CEF-4B5B-9EC7-F469833AF075}.Debug|Any CPU.ActiveCfg = Debug|Any CPU
		{E626A96D-4CEF-4B5B-9EC7-F469833AF075}.Debug|Any CPU.Build.0 = Debug|Any CPU
		{E626A96D-4CEF-4B5B-9EC7-F469833AF075}.Release|Any CPU.ActiveCfg = Release|Any CPU
		{E626A96D-4CEF-4B5B-9EC7-F469833AF075}.Release|Any CPU.Build.0 = Release|Any CPU
	EndGlobalSection
	GlobalSection(SolutionProperties) = preSolution
		HideSolutionNode = FALSE
	EndGlobalSection
	GlobalSection(ExtensibilityGlobals) = postSolution
		SolutionGuid = {08A0FF79-9F61-4DF8-92D7-3D35898FFC8A}
	EndGlobalSection
EndGlobal
